// !$*UTF8*$!
{
	archiveVersion = 1;
	classes = {
	};
	objectVersion = 46;
	objects = {

/* Begin PBXBuildFile section */
		534C9DF7F4D184E051BD2AE1 /* Pods_GrootSwift.framework in Frameworks */ = {isa = PBXBuildFile; fileRef = 8B464DD386AD01374CFC9B3C /* Pods_GrootSwift.framework */; };
		9523B0301EAEB228009A0471 /* GrootSwift.h in Headers */ = {isa = PBXBuildFile; fileRef = 9523B02E1EAEB228009A0471 /* GrootSwift.h */; settings = {ATTRIBUTES = (Public, ); }; };
		95E648491EAFFC2000B181A0 /* GrootMerchService.swift in Sources */ = {isa = PBXBuildFile; fileRef = 95E648471EAFFC2000B181A0 /* GrootMerchService.swift */; };
		95E6484A1EAFFC2000B181A0 /* GrootService.swift in Sources */ = {isa = PBXBuildFile; fileRef = 95E648481EAFFC2000B181A0 /* GrootService.swift */; };
/* End PBXBuildFile section */

/* Begin PBXFileReference section */
		6E2FF3D1E7E5C2572C652927 /* Pods-GrootSwift.debug.xcconfig */ = {isa = PBXFileReference; includeInIndex = 1; lastKnownFileType = text.xcconfig; name = "Pods-GrootSwift.debug.xcconfig"; path = "Pods/Target Support Files/Pods-GrootSwift/Pods-GrootSwift.debug.xcconfig"; sourceTree = "<group>"; };
		827B57F906D8A25B85347EAF /* Pods-GrootSwift.release.xcconfig */ = {isa = PBXFileReference; includeInIndex = 1; lastKnownFileType = text.xcconfig; name = "Pods-GrootSwift.release.xcconfig"; path = "Pods/Target Support Files/Pods-GrootSwift/Pods-GrootSwift.release.xcconfig"; sourceTree = "<group>"; };
		8B464DD386AD01374CFC9B3C /* Pods_GrootSwift.framework */ = {isa = PBXFileReference; explicitFileType = wrapper.framework; includeInIndex = 0; path = Pods_GrootSwift.framework; sourceTree = BUILT_PRODUCTS_DIR; };
		9523B02B1EAEB228009A0471 /* GrootSwift.framework */ = {isa = PBXFileReference; explicitFileType = wrapper.framework; includeInIndex = 0; path = GrootSwift.framework; sourceTree = BUILT_PRODUCTS_DIR; };
		9523B02E1EAEB228009A0471 /* GrootSwift.h */ = {isa = PBXFileReference; lastKnownFileType = sourcecode.c.h; path = GrootSwift.h; sourceTree = "<group>"; };
		9523B02F1EAEB228009A0471 /* Info.plist */ = {isa = PBXFileReference; lastKnownFileType = text.plist.xml; path = Info.plist; sourceTree = "<group>"; };
		95E6483F1EAFFA7600B181A0 /* GrootSwift.podspec */ = {isa = PBXFileReference; lastKnownFileType = text; path = GrootSwift.podspec; sourceTree = "<group>"; };
		95E648401EAFFA7600B181A0 /* LICENSE */ = {isa = PBXFileReference; lastKnownFileType = text; path = LICENSE; sourceTree = "<group>"; };
		95E648411EAFFA7600B181A0 /* README.md */ = {isa = PBXFileReference; lastKnownFileType = net.daringfireball.markdown; path = README.md; sourceTree = "<group>"; };
		95E648471EAFFC2000B181A0 /* GrootMerchService.swift */ = {isa = PBXFileReference; fileEncoding = 4; lastKnownFileType = sourcecode.swift; name = GrootMerchService.swift; path = Classes/GrootMerchService.swift; sourceTree = "<group>"; };
		95E648481EAFFC2000B181A0 /* GrootService.swift */ = {isa = PBXFileReference; fileEncoding = 4; lastKnownFileType = sourcecode.swift; name = GrootService.swift; path = Classes/GrootService.swift; sourceTree = "<group>"; };
/* End PBXFileReference section */

/* Begin PBXFrameworksBuildPhase section */
		9523B0271EAEB228009A0471 /* Frameworks */ = {
			isa = PBXFrameworksBuildPhase;
			buildActionMask = 2147483647;
			files = (
				534C9DF7F4D184E051BD2AE1 /* Pods_GrootSwift.framework in Frameworks */,
			);
			runOnlyForDeploymentPostprocessing = 0;
		};
/* End PBXFrameworksBuildPhase section */

/* Begin PBXGroup section */
		6D00FEDD45AD531CFA5BD467 /* Frameworks */ = {
			isa = PBXGroup;
			children = (
				8B464DD386AD01374CFC9B3C /* Pods_GrootSwift.framework */,
			);
			name = Frameworks;
			sourceTree = "<group>";
		};
		9523B0211EAEB228009A0471 = {
			isa = PBXGroup;
			children = (
				95E6483F1EAFFA7600B181A0 /* GrootSwift.podspec */,
				95E648401EAFFA7600B181A0 /* LICENSE */,
				95E648411EAFFA7600B181A0 /* README.md */,
				9523B02D1EAEB228009A0471 /* GrootSwift */,
				9523B02C1EAEB228009A0471 /* Products */,
				99D8D68929E5664B0F5DD98B /* Pods */,
				6D00FEDD45AD531CFA5BD467 /* Frameworks */,
			);
			sourceTree = "<group>";
		};
		9523B02C1EAEB228009A0471 /* Products */ = {
			isa = PBXGroup;
			children = (
				9523B02B1EAEB228009A0471 /* GrootSwift.framework */,
			);
			name = Products;
			sourceTree = "<group>";
		};
		9523B02D1EAEB228009A0471 /* GrootSwift */ = {
			isa = PBXGroup;
			children = (
				95E648461EAFFC0E00B181A0 /* Classes */,
				9523B02E1EAEB228009A0471 /* GrootSwift.h */,
				9523B02F1EAEB228009A0471 /* Info.plist */,
			);
			path = GrootSwift;
			sourceTree = "<group>";
		};
		95E648461EAFFC0E00B181A0 /* Classes */ = {
			isa = PBXGroup;
			children = (
				95E648481EAFFC2000B181A0 /* GrootService.swift */,
				95E648471EAFFC2000B181A0 /* GrootMerchService.swift */,
			);
			name = Classes;
			sourceTree = "<group>";
		};
		99D8D68929E5664B0F5DD98B /* Pods */ = {
			isa = PBXGroup;
			children = (
				6E2FF3D1E7E5C2572C652927 /* Pods-GrootSwift.debug.xcconfig */,
				827B57F906D8A25B85347EAF /* Pods-GrootSwift.release.xcconfig */,
			);
			name = Pods;
			sourceTree = "<group>";
		};
/* End PBXGroup section */

/* Begin PBXHeadersBuildPhase section */
		9523B0281EAEB228009A0471 /* Headers */ = {
			isa = PBXHeadersBuildPhase;
			buildActionMask = 2147483647;
			files = (
				9523B0301EAEB228009A0471 /* GrootSwift.h in Headers */,
			);
			runOnlyForDeploymentPostprocessing = 0;
		};
/* End PBXHeadersBuildPhase section */

/* Begin PBXNativeTarget section */
		9523B02A1EAEB228009A0471 /* GrootSwift */ = {
			isa = PBXNativeTarget;
			buildConfigurationList = 9523B0331EAEB228009A0471 /* Build configuration list for PBXNativeTarget "GrootSwift" */;
			buildPhases = (
				4E5B2A4A79584C0DA43ABA45 /* [CP] Check Pods Manifest.lock */,
				9523B0261EAEB228009A0471 /* Sources */,
				9523B0271EAEB228009A0471 /* Frameworks */,
				9523B0281EAEB228009A0471 /* Headers */,
				9523B0291EAEB228009A0471 /* Resources */,
				2819DC96D682A920FB39B36C /* [CP] Copy Pods Resources */,
			);
			buildRules = (
			);
			dependencies = (
			);
			name = GrootSwift;
			productName = GrootSwift;
			productReference = 9523B02B1EAEB228009A0471 /* GrootSwift.framework */;
			productType = "com.apple.product-type.framework";
		};
/* End PBXNativeTarget section */

/* Begin PBXProject section */
		9523B0221EAEB228009A0471 /* Project object */ = {
			isa = PBXProject;
			attributes = {
				LastUpgradeCheck = 0830;
				ORGANIZATIONNAME = "ACM@UIUC";
				TargetAttributes = {
					9523B02A1EAEB228009A0471 = {
						CreatedOnToolsVersion = 8.3;
						LastSwiftMigration = 0830;
						ProvisioningStyle = Automatic;
					};
				};
			};
			buildConfigurationList = 9523B0251EAEB228009A0471 /* Build configuration list for PBXProject "GrootSwift" */;
			compatibilityVersion = "Xcode 3.2";
			developmentRegion = English;
			hasScannedForEncodings = 0;
			knownRegions = (
				en,
			);
			mainGroup = 9523B0211EAEB228009A0471;
			productRefGroup = 9523B02C1EAEB228009A0471 /* Products */;
			projectDirPath = "";
			projectRoot = "";
			targets = (
				9523B02A1EAEB228009A0471 /* GrootSwift */,
			);
		};
/* End PBXProject section */

/* Begin PBXResourcesBuildPhase section */
		9523B0291EAEB228009A0471 /* Resources */ = {
			isa = PBXResourcesBuildPhase;
			buildActionMask = 2147483647;
			files = (
			);
			runOnlyForDeploymentPostprocessing = 0;
		};
/* End PBXResourcesBuildPhase section */

/* Begin PBXShellScriptBuildPhase section */
		2819DC96D682A920FB39B36C /* [CP] Copy Pods Resources */ = {
			isa = PBXShellScriptBuildPhase;
			buildActionMask = 2147483647;
			files = (
			);
			inputPaths = (
			);
			name = "[CP] Copy Pods Resources";
			outputPaths = (
			);
			runOnlyForDeploymentPostprocessing = 0;
			shellPath = /bin/sh;
			shellScript = "\"${SRCROOT}/Pods/Target Support Files/Pods-GrootSwift/Pods-GrootSwift-resources.sh\"\n";
			showEnvVarsInLog = 0;
		};
		4E5B2A4A79584C0DA43ABA45 /* [CP] Check Pods Manifest.lock */ = {
			isa = PBXShellScriptBuildPhase;
			buildActionMask = 2147483647;
			files = (
			);
			inputPaths = (
			);
			name = "[CP] Check Pods Manifest.lock";
			outputPaths = (
			);
			runOnlyForDeploymentPostprocessing = 0;
			shellPath = /bin/sh;
			shellScript = "diff \"${PODS_PODFILE_DIR_PATH}/Podfile.lock\" \"${PODS_ROOT}/Manifest.lock\" > /dev/null\nif [ $? != 0 ] ; then\n    # print error to STDERR\n    echo \"error: The sandbox is not in sync with the Podfile.lock. Run 'pod install' or update your CocoaPods installation.\" >&2\n    exit 1\nfi\n";
			showEnvVarsInLog = 0;
		};
/* End PBXShellScriptBuildPhase section */

/* Begin PBXSourcesBuildPhase section */
		9523B0261EAEB228009A0471 /* Sources */ = {
			isa = PBXSourcesBuildPhase;
			buildActionMask = 2147483647;
			files = (
				95E648491EAFFC2000B181A0 /* GrootMerchService.swift in Sources */,
				95E6484A1EAFFC2000B181A0 /* GrootService.swift in Sources */,
			);
			runOnlyForDeploymentPostprocessing = 0;
		};
/* End PBXSourcesBuildPhase section */

/* Begin XCBuildConfiguration section */
		9523B0311EAEB228009A0471 /* Debug */ = {
			isa = XCBuildConfiguration;
			buildSettings = {
				ALWAYS_SEARCH_USER_PATHS = NO;
				CLANG_ANALYZER_NONNULL = YES;
				CLANG_ANALYZER_NUMBER_OBJECT_CONVERSION = YES_AGGRESSIVE;
				CLANG_CXX_LANGUAGE_STANDARD = "gnu++0x";
				CLANG_CXX_LIBRARY = "libc++";
				CLANG_ENABLE_MODULES = YES;
				CLANG_ENABLE_OBJC_ARC = YES;
				CLANG_WARN_BOOL_CONVERSION = YES;
				CLANG_WARN_CONSTANT_CONVERSION = YES;
				CLANG_WARN_DIRECT_OBJC_ISA_USAGE = YES_ERROR;
				CLANG_WARN_DOCUMENTATION_COMMENTS = YES;
				CLANG_WARN_EMPTY_BODY = YES;
				CLANG_WARN_ENUM_CONVERSION = YES;
				CLANG_WARN_INFINITE_RECURSION = YES;
				CLANG_WARN_INT_CONVERSION = YES;
				CLANG_WARN_OBJC_ROOT_CLASS = YES_ERROR;
				CLANG_WARN_SUSPICIOUS_MOVE = YES;
				CLANG_WARN_UNREACHABLE_CODE = YES;
				CLANG_WARN__DUPLICATE_METHOD_MATCH = YES;
				"CODE_SIGN_IDENTITY[sdk=iphoneos*]" = "iPhone Developer";
				COPY_PHASE_STRIP = NO;
				CURRENT_PROJECT_VERSION = 1;
				DEBUG_INFORMATION_FORMAT = dwarf;
				ENABLE_STRICT_OBJC_MSGSEND = YES;
				ENABLE_TESTABILITY = YES;
				GCC_C_LANGUAGE_STANDARD = gnu99;
				GCC_DYNAMIC_NO_PIC = NO;
				GCC_NO_COMMON_BLOCKS = YES;
				GCC_OPTIMIZATION_LEVEL = 0;
				GCC_PREPROCESSOR_DEFINITIONS = (
					"DEBUG=1",
					"$(inherited)",
				);
				GCC_WARN_64_TO_32_BIT_CONVERSION = YES;
				GCC_WARN_ABOUT_RETURN_TYPE = YES_ERROR;
				GCC_WARN_UNDECLARED_SELECTOR = YES;
				GCC_WARN_UNINITIALIZED_AUTOS = YES_AGGRESSIVE;
				GCC_WARN_UNUSED_FUNCTION = YES;
				GCC_WARN_UNUSED_VARIABLE = YES;
				IPHONEOS_DEPLOYMENT_TARGET = 10.3;
				MTL_ENABLE_DEBUG_INFO = YES;
				ONLY_ACTIVE_ARCH = YES;
				SDKROOT = iphoneos;
				SWIFT_ACTIVE_COMPILATION_CONDITIONS = DEBUG;
				SWIFT_OPTIMIZATION_LEVEL = "-Onone";
				TARGETED_DEVICE_FAMILY = "1,2";
				VERSIONING_SYSTEM = "apple-generic";
				VERSION_INFO_PREFIX = "";
			};
			name = Debug;
		};
		9523B0321EAEB228009A0471 /* Release */ = {
			isa = XCBuildConfiguration;
			buildSettings = {
				ALWAYS_SEARCH_USER_PATHS = NO;
				CLANG_ANALYZER_NONNULL = YES;
				CLANG_ANALYZER_NUMBER_OBJECT_CONVERSION = YES_AGGRESSIVE;
				CLANG_CXX_LANGUAGE_STANDARD = "gnu++0x";
				CLANG_CXX_LIBRARY = "libc++";
				CLANG_ENABLE_MODULES = YES;
				CLANG_ENABLE_OBJC_ARC = YES;
				CLANG_WARN_BOOL_CONVERSION = YES;
				CLANG_WARN_CONSTANT_CONVERSION = YES;
				CLANG_WARN_DIRECT_OBJC_ISA_USAGE = YES_ERROR;
				CLANG_WARN_DOCUMENTATION_COMMENTS = YES;
				CLANG_WARN_EMPTY_BODY = YES;
				CLANG_WARN_ENUM_CONVERSION = YES;
				CLANG_WARN_INFINITE_RECURSION = YES;
				CLANG_WARN_INT_CONVERSION = YES;
				CLANG_WARN_OBJC_ROOT_CLASS = YES_ERROR;
				CLANG_WARN_SUSPICIOUS_MOVE = YES;
				CLANG_WARN_UNREACHABLE_CODE = YES;
				CLANG_WARN__DUPLICATE_METHOD_MATCH = YES;
				"CODE_SIGN_IDENTITY[sdk=iphoneos*]" = "iPhone Developer";
				COPY_PHASE_STRIP = NO;
				CURRENT_PROJECT_VERSION = 1;
				DEBUG_INFORMATION_FORMAT = "dwarf-with-dsym";
				ENABLE_NS_ASSERTIONS = NO;
				ENABLE_STRICT_OBJC_MSGSEND = YES;
				GCC_C_LANGUAGE_STANDARD = gnu99;
				GCC_NO_COMMON_BLOCKS = YES;
				GCC_WARN_64_TO_32_BIT_CONVERSION = YES;
				GCC_WARN_ABOUT_RETURN_TYPE = YES_ERROR;
				GCC_WARN_UNDECLARED_SELECTOR = YES;
				GCC_WARN_UNINITIALIZED_AUTOS = YES_AGGRESSIVE;
				GCC_WARN_UNUSED_FUNCTION = YES;
				GCC_WARN_UNUSED_VARIABLE = YES;
				IPHONEOS_DEPLOYMENT_TARGET = 10.3;
				MTL_ENABLE_DEBUG_INFO = NO;
				SDKROOT = iphoneos;
				SWIFT_OPTIMIZATION_LEVEL = "-Owholemodule";
				TARGETED_DEVICE_FAMILY = "1,2";
				VALIDATE_PRODUCT = YES;
				VERSIONING_SYSTEM = "apple-generic";
				VERSION_INFO_PREFIX = "";
			};
			name = Release;
		};
		9523B0341EAEB228009A0471 /* Debug */ = {
			isa = XCBuildConfiguration;
			baseConfigurationReference = 6E2FF3D1E7E5C2572C652927 /* Pods-GrootSwift.debug.xcconfig */;
			buildSettings = {
				CLANG_ENABLE_MODULES = YES;
				CODE_SIGN_IDENTITY = "";
				DEFINES_MODULE = YES;
				DYLIB_COMPATIBILITY_VERSION = 1;
				DYLIB_CURRENT_VERSION = 1;
				DYLIB_INSTALL_NAME_BASE = "@rpath";
				INFOPLIST_FILE = GrootSwift/Info.plist;
				INSTALL_PATH = "$(LOCAL_LIBRARY_DIR)/Frameworks";
				LD_RUNPATH_SEARCH_PATHS = "$(inherited) @executable_path/Frameworks @loader_path/Frameworks";
				PRODUCT_BUNDLE_IDENTIFIER = "com.ACM-UIUC.GrootSwift";
				PRODUCT_NAME = "$(TARGET_NAME)";
				SKIP_INSTALL = YES;
				SWIFT_OPTIMIZATION_LEVEL = "-Onone";
				SWIFT_VERSION = 3.0;
			};
			name = Debug;
		};
		9523B0351EAEB228009A0471 /* Release */ = {
			isa = XCBuildConfiguration;
			baseConfigurationReference = 827B57F906D8A25B85347EAF /* Pods-GrootSwift.release.xcconfig */;
			buildSettings = {
				CLANG_ENABLE_MODULES = YES;
				CODE_SIGN_IDENTITY = "";
				DEFINES_MODULE = YES;
				DYLIB_COMPATIBILITY_VERSION = 1;
				DYLIB_CURRENT_VERSION = 1;
				DYLIB_INSTALL_NAME_BASE = "@rpath";
				INFOPLIST_FILE = GrootSwift/Info.plist;
				INSTALL_PATH = "$(LOCAL_LIBRARY_DIR)/Frameworks";
				LD_RUNPATH_SEARCH_PATHS = "$(inherited) @executable_path/Frameworks @loader_path/Frameworks";
				PRODUCT_BUNDLE_IDENTIFIER = "com.ACM-UIUC.GrootSwift";
				PRODUCT_NAME = "$(TARGET_NAME)";
				SKIP_INSTALL = YES;
				SWIFT_VERSION = 3.0;
			};
			name = Release;
		};
/* End XCBuildConfiguration section */

/* Begin XCConfigurationList section */
		9523B0251EAEB228009A0471 /* Build configuration list for PBXProject "GrootSwift" */ = {
			isa = XCConfigurationList;
			buildConfigurations = (
				9523B0311EAEB228009A0471 /* Debug */,
				9523B0321EAEB228009A0471 /* Release */,
			);
			defaultConfigurationIsVisible = 0;
			defaultConfigurationName = Release;
		};
		9523B0331EAEB228009A0471 /* Build configuration list for PBXNativeTarget "GrootSwift" */ = {
			isa = XCConfigurationList;
			buildConfigurations = (
				9523B0341EAEB228009A0471 /* Debug */,
				9523B0351EAEB228009A0471 /* Release */,
			);
			defaultConfigurationIsVisible = 0;
			defaultConfigurationName = Release;
		};
/* End XCConfigurationList section */
	};
	rootObject = 9523B0221EAEB228009A0471 /* Project object */;
}
